# generated by rye
# use `rye lock` or `rye sync` to update this lockfile
#
# last locked with the following flags:
#   pre: false
#   features: []
#   all-features: false
#   with-sources: false
#   generate-hashes: false
#   universal: false

-e file:.
annotated-types==0.7.0
    # via pydantic
argon2-cffi==25.1.0
    # via minio
argon2-cffi-bindings==21.2.0
    # via argon2-cffi
azure-common==1.1.28
    # via smart-open
azure-core==1.35.0
    # via azure-storage-blob
    # via smart-open
azure-storage-blob==12.26.0
    # via smart-open
bcrypt==4.3.0
    # via paramiko
boltons==24.0.0
    # via mountainash-utils-files
boto3==1.34.136
    # via mountainash-utils-files
    # via smart-open
botocore==1.34.162
    # via boto3
    # via s3transfer
cachetools==5.5.2
    # via google-auth
certifi==2025.7.14
    # via minio
    # via requests
cffi==1.17.1
    # via argon2-cffi-bindings
    # via cryptography
    # via pynacl
charset-normalizer==3.4.2
    # via requests
cryptography==45.0.5
    # via azure-storage-blob
    # via paramiko
fsspec==2025.7.0
    # via universal-pathlib
google-api-core==2.25.1
    # via google-cloud-core
    # via google-cloud-storage
google-auth==2.40.3
    # via google-api-core
    # via google-cloud-core
    # via google-cloud-storage
google-cloud-core==2.4.3
    # via google-cloud-storage
google-cloud-storage==3.2.0
    # via smart-open
google-crc32c==1.7.1
    # via google-cloud-storage
    # via google-resumable-media
google-resumable-media==2.7.2
    # via google-cloud-storage
googleapis-common-protos==1.70.0
    # via google-api-core
idna==3.10
    # via requests
isodate==0.7.2
    # via azure-storage-blob
jmespath==1.0.1
    # via boto3
    # via botocore
lxml==6.0.0
    # via mountainash-utils-files
    # via xsdata
minio==7.2.7
    # via mountainash-utils-files
numpy==2.2.6
    # via pandas
    # via pyarrow
pandas==2.3.1
    # via mountainash-utils-files
paramiko==3.5.1
    # via smart-open
polars==1.16.0
    # via mountainash-utils-files
proto-plus==1.26.1
    # via google-api-core
protobuf==6.31.1
    # via google-api-core
    # via googleapis-common-protos
    # via proto-plus
pyarrow==17.0.0
    # via mountainash-utils-files
pyasn1==0.6.1
    # via pyasn1-modules
    # via rsa
pyasn1-modules==0.4.2
    # via google-auth
pycparser==2.22
    # via cffi
pycryptodome==3.23.0
    # via minio
pydantic==2.9.2
    # via mountainash-utils-files
    # via pydantic-settings
pydantic-core==2.23.4
    # via pydantic
pydantic-settings==2.6.1
    # via mountainash-utils-files
pynacl==1.5.0
    # via paramiko
python-dateutil==2.9.0.post0
    # via botocore
    # via pandas
python-dotenv==1.1.1
    # via pydantic-settings
pytz==2025.2
    # via pandas
requests==2.32.4
    # via azure-core
    # via google-api-core
    # via google-cloud-storage
    # via smart-open
rsa==4.9.1
    # via google-auth
s3transfer==0.10.4
    # via boto3
six==1.17.0
    # via azure-core
    # via python-dateutil
smart-open==7.0.4
    # via mountainash-utils-files
typing-extensions==4.14.1
    # via azure-core
    # via azure-storage-blob
    # via minio
    # via pydantic
    # via pydantic-core
    # via xsdata
tzdata==2025.2
    # via pandas
universal-pathlib==0.2.2
    # via mountainash-utils-files
urllib3==2.5.0
    # via botocore
    # via minio
    # via requests
wrapt==1.17.2
    # via smart-open
xsdata==25.7
    # via mountainash-utils-files
zstandard==0.23.0
    # via smart-open
